
Microsoft Visual Studio Solution File, Format Version 12.00
# Visual Studio Version 16
VisualStudioVersion = 16.0.28729.10
MinimumVisualStudioVersion = 10.0.40219.1
Project("{FAE04EC0-301F-11D3-BF4B-00C04F79EFBC}") = "FlightApp", "FlightApp\FlightApp.csproj", "{1006E1DA-8A9B-4002-B7EC-E6BF6E548F19}"
EndProject
Global
	GlobalSection(SolutionConfigurationPlatforms) = preSolution
		Debug|Any CPU = Debug|Any CPU
		Release|Any CPU = Release|Any CPU
	EndGlobalSection
	GlobalSection(ProjectConfigurationPlatforms) = postSolution
		{1006E1DA-8A9B-4002-B7EC-E6BF6E548F19}.Debug|Any CPU.ActiveCfg = Debug|Any CPU
		{1006E1DA-8A9B-4002-B7EC-E6BF6E548F19}.Debug|Any CPU.Build.0 = Debug|Any CPU
		{1006E1DA-8A9B-4002-B7EC-E6BF6E548F19}.Release|Any CPU.ActiveCfg = Release|Any CPU
		{1006E1DA-8A9B-4002-B7EC-E6BF6E548F19}.Release|Any CPU.Build.0 = Release|Any CPU
	EndGlobalSection
	GlobalSection(SolutionProperties) = preSolution
		HideSolutionNode = FALSE
	EndGlobalSection
	GlobalSection(ExtensibilityGlobals) = postSolution
		SolutionGuid = {ABFAE38D-FC87-4493-B531-B434FB20B10C}
	EndGlobalSection
EndGlobal
